
Microsoft Visual Studio Solution File, Format Version 12.00
# Visual Studio 14
VisualStudioVersion = 14.0.25420.1
MinimumVisualStudioVersion = 10.0.40219.1
Project("{FAE04EC0-301F-11D3-BF4B-00C04F79EFBC}") = "ET2", "ET2\ET2.csproj", "{7B230A15-F1BF-4308-808D-B68A61B967CE}"
EndProject
Project("{FAE04EC0-301F-11D3-BF4B-00C04F79EFBC}") = "ET2.Tests", "ET2.Tests\ET2.Tests.csproj", "{4B2DEE58-9BBD-403F-B6ED-EC660FA48DFD}"
EndProject
Project("{FAE04EC0-301F-11D3-BF4B-00C04F79EFBC}") = "EF.Common", "EF.Common\EF.Common.csproj", "{AA032D79-2393-4323-B1D3-A3AE9318777B}"
EndProject
Global
	GlobalSection(SolutionConfigurationPlatforms) = preSolution
		Debug|Any CPU = Debug|Any CPU
		Release|Any CPU = Release|Any CPU
	EndGlobalSection
	GlobalSection(ProjectConfigurationPlatforms) = postSolution
		{7B230A15-F1BF-4308-808D-B68A61B967CE}.Debug|Any CPU.ActiveCfg = Debug|Any CPU
		{7B230A15-F1BF-4308-808D-B68A61B967CE}.Debug|Any CPU.Build.0 = Debug|Any CPU
		{7B230A15-F1BF-4308-808D-B68A61B967CE}.Release|Any CPU.ActiveCfg = Release|Any CPU
		{7B230A15-F1BF-4308-808D-B68A61B967CE}.Release|Any CPU.Build.0 = Release|Any CPU
		{4B2DEE58-9BBD-403F-B6ED-EC660FA48DFD}.Debug|Any CPU.ActiveCfg = Debug|Any CPU
		{4B2DEE58-9BBD-403F-B6ED-EC660FA48DFD}.Debug|Any CPU.Build.0 = Debug|Any CPU
		{4B2DEE58-9BBD-403F-B6ED-EC660FA48DFD}.Release|Any CPU.ActiveCfg = Release|Any CPU
		{4B2DEE58-9BBD-403F-B6ED-EC660FA48DFD}.Release|Any CPU.Build.0 = Release|Any CPU
		{AA032D79-2393-4323-B1D3-A3AE9318777B}.Debug|Any CPU.ActiveCfg = Debug|Any CPU
		{AA032D79-2393-4323-B1D3-A3AE9318777B}.Debug|Any CPU.Build.0 = Debug|Any CPU
		{AA032D79-2393-4323-B1D3-A3AE9318777B}.Release|Any CPU.ActiveCfg = Release|Any CPU
		{AA032D79-2393-4323-B1D3-A3AE9318777B}.Release|Any CPU.Build.0 = Release|Any CPU
	EndGlobalSection
	GlobalSection(SolutionProperties) = preSolution
		HideSolutionNode = FALSE
	EndGlobalSection
EndGlobal
