
Microsoft Visual Studio Solution File, Format Version 12.00
# Visual Studio 14
VisualStudioVersion = 14.0.25420.1
MinimumVisualStudioVersion = 10.0.40219.1
Project("{FAE04EC0-301F-11D3-BF4B-00C04F79EFBC}") = "CAS.Tests", "CAS_Tests\CAS.Tests.csproj", "{7D79EFEB-938D-45D0-B16A-499A8F65A2E7}"
EndProject
Project("{FAE04EC0-301F-11D3-BF4B-00C04F79EFBC}") = "CAS.Core", "CAS.Core\CAS.Core.csproj", "{BEF087DD-9301-4D74-BD58-F0074922A283}"
EndProject
Project("{FAE04EC0-301F-11D3-BF4B-00C04F79EFBC}") = "CAS.Nunit", "CAS.Nunit\CAS.Nunit.csproj", "{A78DB87C-CF65-4AAA-9396-5319170F570E}"
EndProject
Global
	GlobalSection(SolutionConfigurationPlatforms) = preSolution
		Debug|Any CPU = Debug|Any CPU
		Release|Any CPU = Release|Any CPU
	EndGlobalSection
	GlobalSection(ProjectConfigurationPlatforms) = postSolution
		{7D79EFEB-938D-45D0-B16A-499A8F65A2E7}.Debug|Any CPU.ActiveCfg = Debug|Any CPU
		{7D79EFEB-938D-45D0-B16A-499A8F65A2E7}.Debug|Any CPU.Build.0 = Debug|Any CPU
		{7D79EFEB-938D-45D0-B16A-499A8F65A2E7}.Release|Any CPU.ActiveCfg = Release|Any CPU
		{7D79EFEB-938D-45D0-B16A-499A8F65A2E7}.Release|Any CPU.Build.0 = Release|Any CPU
		{BEF087DD-9301-4D74-BD58-F0074922A283}.Debug|Any CPU.ActiveCfg = Debug|Any CPU
		{BEF087DD-9301-4D74-BD58-F0074922A283}.Debug|Any CPU.Build.0 = Debug|Any CPU
		{BEF087DD-9301-4D74-BD58-F0074922A283}.Release|Any CPU.ActiveCfg = Release|Any CPU
		{BEF087DD-9301-4D74-BD58-F0074922A283}.Release|Any CPU.Build.0 = Release|Any CPU
		{A78DB87C-CF65-4AAA-9396-5319170F570E}.Debug|Any CPU.ActiveCfg = Debug|Any CPU
		{A78DB87C-CF65-4AAA-9396-5319170F570E}.Debug|Any CPU.Build.0 = Debug|Any CPU
		{A78DB87C-CF65-4AAA-9396-5319170F570E}.Release|Any CPU.ActiveCfg = Release|Any CPU
		{A78DB87C-CF65-4AAA-9396-5319170F570E}.Release|Any CPU.Build.0 = Release|Any CPU
	EndGlobalSection
	GlobalSection(SolutionProperties) = preSolution
		HideSolutionNode = FALSE
	EndGlobalSection
EndGlobal
